// !$*UTF8*$!
{
	archiveVersion = 1;
	classes = {
	};
	objectVersion = 77;
	objects = {

/* Begin PBXBuildFile section */
		007B4F59A377EE396CEEDC09 /* KeychainManager.swift in Sources */ = {isa = PBXBuildFile; fileRef = DE6F45E932E51497D53A41E1 /* KeychainManager.swift */; };
		067B964C6B8CFCEFC93B8A95 /* CameraView.swift in Sources */ = {isa = PBXBuildFile; fileRef = BD558A84CAFFCB66A3255E97 /* CameraView.swift */; };
		0FE8FBB1417B2F82A5651B6F /* ImageCompressor.swift in Sources */ = {isa = PBXBuildFile; fileRef = 778887E3319DE94B2BF7B8CD /* ImageCompressor.swift */; };
		23F77EFC240EC590A637C1A1 /* LookMaxxApp.swift in Sources */ = {isa = PBXBuildFile; fileRef = DAECC4A4393114CF9C0B8756 /* LookMaxxApp.swift */; };
		2C8E4EB915AD771EE2ED598E /* SettingsView.swift in Sources */ = {isa = PBXBuildFile; fileRef = A47635FACB2B7F2CC81DADAA /* SettingsView.swift */; };
		2D6CC60E06852CDF7EBF0281 /* DashboardView.swift in Sources */ = {isa = PBXBuildFile; fileRef = DAD3E879091BACDB5395EECF /* DashboardView.swift */; };
		53AB56A7997434604F175623 /* ViewModels.swift in Sources */ = {isa = PBXBuildFile; fileRef = 55E47FC9F246B2905ABB01EF /* ViewModels.swift */; };
		5C684C02EE725A3BAF8FC5AA /* PlanView.swift in Sources */ = {isa = PBXBuildFile; fileRef = 810749C38BF3BE290B97EC18 /* PlanView.swift */; };
		6B45245251148DEF29F39CAC /* APIService.swift in Sources */ = {isa = PBXBuildFile; fileRef = 8F7E76B4A1C4F8CA3BDE364D /* APIService.swift */; };
		6E9619631499AC8E241E9A6A /* ProcessingView.swift in Sources */ = {isa = PBXBuildFile; fileRef = 2C480CCA77578416EFBAD949 /* ProcessingView.swift */; };
		7160BE711479F70FAC322C76 /* PhotoUploadViewModel.swift in Sources */ = {isa = PBXBuildFile; fileRef = DB6207B291CC0761E0E2CE38 /* PhotoUploadViewModel.swift */; };
		7C11CF8ABB3160B2DD19F746 /* Models.swift in Sources */ = {isa = PBXBuildFile; fileRef = FD47FD6309D3920087569509 /* Models.swift */; };
		A0075BAC2A50044493C5887E /* Constants.swift in Sources */ = {isa = PBXBuildFile; fileRef = C5A5C3C630F206F21DCE1556 /* Constants.swift */; };
		A1F835D46B81C0F4A7913C36 /* ProfileView.swift in Sources */ = {isa = PBXBuildFile; fileRef = F094475E86787682B16D72CD /* ProfileView.swift */; };
		A5FCCD92E5F5109B9048B4FE /* ExploreView.swift in Sources */ = {isa = PBXBuildFile; fileRef = 2EEDF7C4E4B5B6EF406AAB1C /* ExploreView.swift */; };
		A67B642B6C41B5D05ECF4F00 /* AppState.swift in Sources */ = {isa = PBXBuildFile; fileRef = 40451FEBBF6E2CF787941A5E /* AppState.swift */; };
		AA1B520E6540A203E4F5996E /* CacheService.swift in Sources */ = {isa = PBXBuildFile; fileRef = B7CBEC772A14A038540B7060 /* CacheService.swift */; };
		B9DF83011AF7BA7F1127D377 /* Animations.swift in Sources */ = {isa = PBXBuildFile; fileRef = 4EC7E48B3C59E259496DB89D /* Animations.swift */; };
		BE6B453DA36DF439C6A36F48 /* Colors.swift in Sources */ = {isa = PBXBuildFile; fileRef = 976CB73E1CA1BC2DBDEA13E1 /* Colors.swift */; };
		E710DEBFDFFAFAD2E8B0FD18 /* AppConfig.swift in Sources */ = {isa = PBXBuildFile; fileRef = 0D5F52B354CEE26C92E8889C /* AppConfig.swift */; };
		EE11A641573804192B525F28 /* Fonts.swift in Sources */ = {isa = PBXBuildFile; fileRef = A02AC3EC41A1D71D3B1D3EB8 /* Fonts.swift */; };
		F737525C79BC07A90D52C7B4 /* OnboardingView.swift in Sources */ = {isa = PBXBuildFile; fileRef = 995577ECE96CFA45DD0674C1 /* OnboardingView.swift */; };
/* End PBXBuildFile section */

/* Begin PBXFileReference section */
		0D5F52B354CEE26C92E8889C /* AppConfig.swift */ = {isa = PBXFileReference; lastKnownFileType = sourcecode.swift; path = AppConfig.swift; sourceTree = "<group>"; };
		2C480CCA77578416EFBAD949 /* ProcessingView.swift */ = {isa = PBXFileReference; lastKnownFileType = sourcecode.swift; path = ProcessingView.swift; sourceTree = "<group>"; };
		2EEDF7C4E4B5B6EF406AAB1C /* ExploreView.swift */ = {isa = PBXFileReference; lastKnownFileType = sourcecode.swift; path = ExploreView.swift; sourceTree = "<group>"; };
		31979350797F0E15C453CE48 /* LookMaxx.app */ = {isa = PBXFileReference; includeInIndex = 0; lastKnownFileType = wrapper.application; path = LookMaxx.app; sourceTree = BUILT_PRODUCTS_DIR; };
		40451FEBBF6E2CF787941A5E /* AppState.swift */ = {isa = PBXFileReference; lastKnownFileType = sourcecode.swift; path = AppState.swift; sourceTree = "<group>"; };
		4EC7E48B3C59E259496DB89D /* Animations.swift */ = {isa = PBXFileReference; lastKnownFileType = sourcecode.swift; path = Animations.swift; sourceTree = "<group>"; };
		55E47FC9F246B2905ABB01EF /* ViewModels.swift */ = {isa = PBXFileReference; lastKnownFileType = sourcecode.swift; path = ViewModels.swift; sourceTree = "<group>"; };
		6BC43388824D929C68998D58 /* Info.plist */ = {isa = PBXFileReference; lastKnownFileType = text.plist; path = Info.plist; sourceTree = "<group>"; };
		778887E3319DE94B2BF7B8CD /* ImageCompressor.swift */ = {isa = PBXFileReference; lastKnownFileType = sourcecode.swift; path = ImageCompressor.swift; sourceTree = "<group>"; };
		810749C38BF3BE290B97EC18 /* PlanView.swift */ = {isa = PBXFileReference; lastKnownFileType = sourcecode.swift; path = PlanView.swift; sourceTree = "<group>"; };
		8F7E76B4A1C4F8CA3BDE364D /* APIService.swift */ = {isa = PBXFileReference; lastKnownFileType = sourcecode.swift; path = APIService.swift; sourceTree = "<group>"; };
		976CB73E1CA1BC2DBDEA13E1 /* Colors.swift */ = {isa = PBXFileReference; lastKnownFileType = sourcecode.swift; path = Colors.swift; sourceTree = "<group>"; };
		995577ECE96CFA45DD0674C1 /* OnboardingView.swift */ = {isa = PBXFileReference; lastKnownFileType = sourcecode.swift; path = OnboardingView.swift; sourceTree = "<group>"; };
		A02AC3EC41A1D71D3B1D3EB8 /* Fonts.swift */ = {isa = PBXFileReference; lastKnownFileType = sourcecode.swift; path = Fonts.swift; sourceTree = "<group>"; };
		A47635FACB2B7F2CC81DADAA /* SettingsView.swift */ = {isa = PBXFileReference; lastKnownFileType = sourcecode.swift; path = SettingsView.swift; sourceTree = "<group>"; };
		B7CBEC772A14A038540B7060 /* CacheService.swift */ = {isa = PBXFileReference; lastKnownFileType = sourcecode.swift; path = CacheService.swift; sourceTree = "<group>"; };
		BD558A84CAFFCB66A3255E97 /* CameraView.swift */ = {isa = PBXFileReference; lastKnownFileType = sourcecode.swift; path = CameraView.swift; sourceTree = "<group>"; };
		C5A5C3C630F206F21DCE1556 /* Constants.swift */ = {isa = PBXFileReference; lastKnownFileType = sourcecode.swift; path = Constants.swift; sourceTree = "<group>"; };
		DAD3E879091BACDB5395EECF /* DashboardView.swift */ = {isa = PBXFileReference; lastKnownFileType = sourcecode.swift; path = DashboardView.swift; sourceTree = "<group>"; };
		DAECC4A4393114CF9C0B8756 /* LookMaxxApp.swift */ = {isa = PBXFileReference; lastKnownFileType = sourcecode.swift; path = LookMaxxApp.swift; sourceTree = "<group>"; };
		DB6207B291CC0761E0E2CE38 /* PhotoUploadViewModel.swift */ = {isa = PBXFileReference; lastKnownFileType = sourcecode.swift; path = PhotoUploadViewModel.swift; sourceTree = "<group>"; };
		DE6F45E932E51497D53A41E1 /* KeychainManager.swift */ = {isa = PBXFileReference; lastKnownFileType = sourcecode.swift; path = KeychainManager.swift; sourceTree = "<group>"; };
		F094475E86787682B16D72CD /* ProfileView.swift */ = {isa = PBXFileReference; lastKnownFileType = sourcecode.swift; path = ProfileView.swift; sourceTree = "<group>"; };
		FD47FD6309D3920087569509 /* Models.swift */ = {isa = PBXFileReference; lastKnownFileType = sourcecode.swift; path = Models.swift; sourceTree = "<group>"; };
/* End PBXFileReference section */

/* Begin PBXGroup section */
		038E8F7682554373F8A93C34 /* Onboarding */ = {
			isa = PBXGroup;
			children = (
				995577ECE96CFA45DD0674C1 /* OnboardingView.swift */,
			);
			path = Onboarding;
			sourceTree = "<group>";
		};
		1AB8BC996ADD4F909607DAB2 /* ios */ = {
			isa = PBXGroup;
			children = (
				6BC43388824D929C68998D58 /* Info.plist */,
				F3DA7B07B2C2CBAD5CBE1B85 /* App */,
				A2BEAC9FF57BC1826CCEBDF6 /* Managers */,
				AA9EA3F18DF26D19DF78D9D9 /* Models */,
				B21B5FC6048378589B72F967 /* Services */,
				6FF57AA4D36761CB4519CCC4 /* Utils */,
				E471EDE722F8C56FA3F3D4D9 /* ViewModels */,
				D9CAE8E785C3C57AE35C9030 /* Views */,
			);
			name = ios;
			path = .;
			sourceTree = "<group>";
		};
		236C687FE03B905D3B710206 /* Camera */ = {
			isa = PBXGroup;
			children = (
				BD558A84CAFFCB66A3255E97 /* CameraView.swift */,
			);
			path = Camera;
			sourceTree = "<group>";
		};
		6FF57AA4D36761CB4519CCC4 /* Utils */ = {
			isa = PBXGroup;
			children = (
				4EC7E48B3C59E259496DB89D /* Animations.swift */,
				976CB73E1CA1BC2DBDEA13E1 /* Colors.swift */,
				C5A5C3C630F206F21DCE1556 /* Constants.swift */,
				A02AC3EC41A1D71D3B1D3EB8 /* Fonts.swift */,
				778887E3319DE94B2BF7B8CD /* ImageCompressor.swift */,
			);
			path = Utils;
			sourceTree = "<group>";
		};
		A2BEAC9FF57BC1826CCEBDF6 /* Managers */ = {
			isa = PBXGroup;
			children = (
				DE6F45E932E51497D53A41E1 /* KeychainManager.swift */,
			);
			path = Managers;
			sourceTree = "<group>";
		};
		AA9EA3F18DF26D19DF78D9D9 /* Models */ = {
			isa = PBXGroup;
			children = (
				FD47FD6309D3920087569509 /* Models.swift */,
			);
			path = Models;
			sourceTree = "<group>";
		};
		B21B5FC6048378589B72F967 /* Services */ = {
			isa = PBXGroup;
			children = (
				8F7E76B4A1C4F8CA3BDE364D /* APIService.swift */,
				B7CBEC772A14A038540B7060 /* CacheService.swift */,
			);
			path = Services;
			sourceTree = "<group>";
		};
		B4EA91BB287B6EE87E62CC75 /* Products */ = {
			isa = PBXGroup;
			children = (
				31979350797F0E15C453CE48 /* LookMaxx.app */,
			);
			name = Products;
			sourceTree = "<group>";
		};
		D0230E69B7D158675D7C6DD5 /* Analysis */ = {
			isa = PBXGroup;
			children = (
				2C480CCA77578416EFBAD949 /* ProcessingView.swift */,
			);
			path = Analysis;
			sourceTree = "<group>";
		};
		D9CAE8E785C3C57AE35C9030 /* Views */ = {
			isa = PBXGroup;
			children = (
				D0230E69B7D158675D7C6DD5 /* Analysis */,
				236C687FE03B905D3B710206 /* Camera */,
				F2AA807B68052AB37A45CDA0 /* Main */,
				038E8F7682554373F8A93C34 /* Onboarding */,
				DE33706A57C53472B8220C0A /* Settings */,
			);
			path = Views;
			sourceTree = "<group>";
		};
		DE33706A57C53472B8220C0A /* Settings */ = {
			isa = PBXGroup;
			children = (
				A47635FACB2B7F2CC81DADAA /* SettingsView.swift */,
			);
			path = Settings;
			sourceTree = "<group>";
		};
		E43467D215954409660EEE10 = {
			isa = PBXGroup;
			children = (
				F3DA7B07B2C2CBAD5CBE1B85 /* App */,
				1AB8BC996ADD4F909607DAB2 /* ios */,
				A2BEAC9FF57BC1826CCEBDF6 /* Managers */,
				AA9EA3F18DF26D19DF78D9D9 /* Models */,
				B21B5FC6048378589B72F967 /* Services */,
				6FF57AA4D36761CB4519CCC4 /* Utils */,
				E471EDE722F8C56FA3F3D4D9 /* ViewModels */,
				D9CAE8E785C3C57AE35C9030 /* Views */,
				B4EA91BB287B6EE87E62CC75 /* Products */,
			);
			sourceTree = "<group>";
		};
		E471EDE722F8C56FA3F3D4D9 /* ViewModels */ = {
			isa = PBXGroup;
			children = (
				40451FEBBF6E2CF787941A5E /* AppState.swift */,
				DB6207B291CC0761E0E2CE38 /* PhotoUploadViewModel.swift */,
				55E47FC9F246B2905ABB01EF /* ViewModels.swift */,
			);
			path = ViewModels;
			sourceTree = "<group>";
		};
		F2AA807B68052AB37A45CDA0 /* Main */ = {
			isa = PBXGroup;
			children = (
				DAD3E879091BACDB5395EECF /* DashboardView.swift */,
				2EEDF7C4E4B5B6EF406AAB1C /* ExploreView.swift */,
				810749C38BF3BE290B97EC18 /* PlanView.swift */,
				F094475E86787682B16D72CD /* ProfileView.swift */,
			);
			path = Main;
			sourceTree = "<group>";
		};
		F3DA7B07B2C2CBAD5CBE1B85 /* App */ = {
			isa = PBXGroup;
			children = (
				0D5F52B354CEE26C92E8889C /* AppConfig.swift */,
				DAECC4A4393114CF9C0B8756 /* LookMaxxApp.swift */,
			);
			path = App;
			sourceTree = "<group>";
		};
/* End PBXGroup section */

/* Begin PBXNativeTarget section */
		0CD967BADAE8481D30C458F0 /* LookMaxx */ = {
			isa = PBXNativeTarget;
			buildConfigurationList = 277D1E3A7C965499EB93FA8B /* Build configuration list for PBXNativeTarget "LookMaxx" */;
			buildPhases = (
				B6026B6610E5558D38C0AFDB /* Sources */,
			);
			buildRules = (
			);
			dependencies = (
			);
			name = LookMaxx;
			packageProductDependencies = (
			);
			productName = LookMaxx;
			productReference = 31979350797F0E15C453CE48 /* LookMaxx.app */;
			productType = "com.apple.product-type.application";
		};
/* End PBXNativeTarget section */

/* Begin PBXProject section */
		7AEDE232220CF72D8892C6F2 /* Project object */ = {
			isa = PBXProject;
			attributes = {
				BuildIndependentTargetsInParallel = YES;
				LastUpgradeCheck = 1430;
				TargetAttributes = {
					0CD967BADAE8481D30C458F0 = {
						DevelopmentTeam = "";
					};
				};
			};
			buildConfigurationList = 23F605B85B3E5D2B78FDB9DD /* Build configuration list for PBXProject "LookMaxx" */;
			developmentRegion = en;
			hasScannedForEncodings = 0;
			knownRegions = (
				Base,
				en,
			);
			mainGroup = E43467D215954409660EEE10;
			minimizedProjectReferenceProxies = 1;
			preferredProjectObjectVersion = 77;
			productRefGroup = B4EA91BB287B6EE87E62CC75 /* Products */;
			projectDirPath = "";
			projectRoot = "";
			targets = (
				0CD967BADAE8481D30C458F0 /* LookMaxx */,
			);
		};
/* End PBXProject section */

/* Begin PBXSourcesBuildPhase section */
		B6026B6610E5558D38C0AFDB /* Sources */ = {
			isa = PBXSourcesBuildPhase;
			buildActionMask = 2147483647;
			files = (
				6B45245251148DEF29F39CAC /* APIService.swift in Sources */,
				B9DF83011AF7BA7F1127D377 /* Animations.swift in Sources */,
				E710DEBFDFFAFAD2E8B0FD18 /* AppConfig.swift in Sources */,
				A67B642B6C41B5D05ECF4F00 /* AppState.swift in Sources */,
				AA1B520E6540A203E4F5996E /* CacheService.swift in Sources */,
				067B964C6B8CFCEFC93B8A95 /* CameraView.swift in Sources */,
				BE6B453DA36DF439C6A36F48 /* Colors.swift in Sources */,
				A0075BAC2A50044493C5887E /* Constants.swift in Sources */,
				2D6CC60E06852CDF7EBF0281 /* DashboardView.swift in Sources */,
				A5FCCD92E5F5109B9048B4FE /* ExploreView.swift in Sources */,
				EE11A641573804192B525F28 /* Fonts.swift in Sources */,
				0FE8FBB1417B2F82A5651B6F /* ImageCompressor.swift in Sources */,
				007B4F59A377EE396CEEDC09 /* KeychainManager.swift in Sources */,
				23F77EFC240EC590A637C1A1 /* LookMaxxApp.swift in Sources */,
				7C11CF8ABB3160B2DD19F746 /* Models.swift in Sources */,
				F737525C79BC07A90D52C7B4 /* OnboardingView.swift in Sources */,
				7160BE711479F70FAC322C76 /* PhotoUploadViewModel.swift in Sources */,
				5C684C02EE725A3BAF8FC5AA /* PlanView.swift in Sources */,
				6E9619631499AC8E241E9A6A /* ProcessingView.swift in Sources */,
				A1F835D46B81C0F4A7913C36 /* ProfileView.swift in Sources */,
				2C8E4EB915AD771EE2ED598E /* SettingsView.swift in Sources */,
				53AB56A7997434604F175623 /* ViewModels.swift in Sources */,
			);
			runOnlyForDeploymentPostprocessing = 0;
		};
/* End PBXSourcesBuildPhase section */

/* Begin XCBuildConfiguration section */
		09D12BA859B61CC156A2D28B /* Debug */ = {
			isa = XCBuildConfiguration;
			buildSettings = {
				ALWAYS_SEARCH_USER_PATHS = NO;
				CLANG_ANALYZER_NONNULL = YES;
				CLANG_ANALYZER_NUMBER_OBJECT_CONVERSION = YES_AGGRESSIVE;
				CLANG_CXX_LANGUAGE_STANDARD = "gnu++14";
				CLANG_CXX_LIBRARY = "libc++";
				CLANG_ENABLE_MODULES = YES;
				CLANG_ENABLE_OBJC_ARC = YES;
				CLANG_ENABLE_OBJC_WEAK = YES;
				CLANG_WARN_BLOCK_CAPTURE_AUTORELEASING = YES;
				CLANG_WARN_BOOL_CONVERSION = YES;
				CLANG_WARN_COMMA = YES;
				CLANG_WARN_CONSTANT_CONVERSION = YES;
				CLANG_WARN_DEPRECATED_OBJC_IMPLEMENTATIONS = YES;
				CLANG_WARN_DIRECT_OBJC_ISA_USAGE = YES_ERROR;
				CLANG_WARN_DOCUMENTATION_COMMENTS = YES;
				CLANG_WARN_EMPTY_BODY = YES;
				CLANG_WARN_ENUM_CONVERSION = YES;
				CLANG_WARN_INFINITE_RECURSION = YES;
				CLANG_WARN_INT_CONVERSION = YES;
				CLANG_WARN_NON_LITERAL_NULL_CONVERSION = YES;
				CLANG_WARN_OBJC_IMPLICIT_RETAIN_SELF = YES;
				CLANG_WARN_OBJC_LITERAL_CONVERSION = YES;
				CLANG_WARN_OBJC_ROOT_CLASS = YES_ERROR;
				CLANG_WARN_QUOTED_INCLUDE_IN_FRAMEWORK_HEADER = YES;
				CLANG_WARN_RANGE_LOOP_ANALYSIS = YES;
				CLANG_WARN_STRICT_PROTOTYPES = YES;
				CLANG_WARN_SUSPICIOUS_MOVE = YES;
				CLANG_WARN_UNGUARDED_AVAILABILITY = YES_AGGRESSIVE;
				CLANG_WARN_UNREACHABLE_CODE = YES;
				CLANG_WARN__DUPLICATE_METHOD_MATCH = YES;
				COPY_PHASE_STRIP = NO;
				DEBUG_INFORMATION_FORMAT = dwarf;
				ENABLE_STRICT_OBJC_MSGSEND = YES;
				ENABLE_TESTABILITY = YES;
				GCC_C_LANGUAGE_STANDARD = gnu11;
				GCC_DYNAMIC_NO_PIC = NO;
				GCC_NO_COMMON_BLOCKS = YES;
				GCC_OPTIMIZATION_LEVEL = 0;
				GCC_PREPROCESSOR_DEFINITIONS = (
					"$(inherited)",
					"DEBUG=1",
				);
				GCC_WARN_64_TO_32_BIT_CONVERSION = YES;
				GCC_WARN_ABOUT_RETURN_TYPE = YES_ERROR;
				GCC_WARN_UNDECLARED_SELECTOR = YES;
				GCC_WARN_UNINITIALIZED_AUTOS = YES_AGGRESSIVE;
				GCC_WARN_UNUSED_FUNCTION = YES;
				GCC_WARN_UNUSED_VARIABLE = YES;
				MTL_ENABLE_DEBUG_INFO = INCLUDE_SOURCE;
				MTL_FAST_MATH = YES;
				ONLY_ACTIVE_ARCH = YES;
				PRODUCT_NAME = "$(TARGET_NAME)";
				SDKROOT = iphoneos;
				SWIFT_ACTIVE_COMPILATION_CONDITIONS = DEBUG;
				SWIFT_OPTIMIZATION_LEVEL = "-Onone";
				SWIFT_VERSION = 5.0;
			};
			name = Debug;
		};
		3BBCB4C095CF67B95767488A /* Release */ = {
			isa = XCBuildConfiguration;
			buildSettings = {
				ASSETCATALOG_COMPILER_APPICON_NAME = AppIcon;
				CODE_SIGN_IDENTITY = "iPhone Developer";
				DEVELOPMENT_TEAM = "";
				INFOPLIST_FILE = Info.plist;
				IPHONEOS_DEPLOYMENT_TARGET = 16.0;
				LD_RUNPATH_SEARCH_PATHS = (
					"$(inherited)",
					"@executable_path/Frameworks",
				);
				PRODUCT_BUNDLE_IDENTIFIER = com.yourcompany.LookMaxx;
				SDKROOT = iphoneos;
				SWIFT_VERSION = 5.0;
				TARGETED_DEVICE_FAMILY = "1,2";
			};
			name = Release;
		};
		6910E2E4A94724FE86B63FD8 /* Debug */ = {
			isa = XCBuildConfiguration;
			buildSettings = {
				ASSETCATALOG_COMPILER_APPICON_NAME = AppIcon;
				CODE_SIGN_IDENTITY = "iPhone Developer";
				DEVELOPMENT_TEAM = "";
				INFOPLIST_FILE = Info.plist;
				IPHONEOS_DEPLOYMENT_TARGET = 16.0;
				LD_RUNPATH_SEARCH_PATHS = (
					"$(inherited)",
					"@executable_path/Frameworks",
				);
				PRODUCT_BUNDLE_IDENTIFIER = com.yourcompany.LookMaxx;
				SDKROOT = iphoneos;
				SWIFT_VERSION = 5.0;
				TARGETED_DEVICE_FAMILY = "1,2";
			};
			name = Debug;
		};
		8E57A093F29C4FD8E1C28B1F /* Release */ = {
			isa = XCBuildConfiguration;
			buildSettings = {
				ALWAYS_SEARCH_USER_PATHS = NO;
				CLANG_ANALYZER_NONNULL = YES;
				CLANG_ANALYZER_NUMBER_OBJECT_CONVERSION = YES_AGGRESSIVE;
				CLANG_CXX_LANGUAGE_STANDARD = "gnu++14";
				CLANG_CXX_LIBRARY = "libc++";
				CLANG_ENABLE_MODULES = YES;
				CLANG_ENABLE_OBJC_ARC = YES;
				CLANG_ENABLE_OBJC_WEAK = YES;
				CLANG_WARN_BLOCK_CAPTURE_AUTORELEASING = YES;
				CLANG_WARN_BOOL_CONVERSION = YES;
				CLANG_WARN_COMMA = YES;
				CLANG_WARN_CONSTANT_CONVERSION = YES;
				CLANG_WARN_DEPRECATED_OBJC_IMPLEMENTATIONS = YES;
				CLANG_WARN_DIRECT_OBJC_ISA_USAGE = YES_ERROR;
				CLANG_WARN_DOCUMENTATION_COMMENTS = YES;
				CLANG_WARN_EMPTY_BODY = YES;
				CLANG_WARN_ENUM_CONVERSION = YES;
				CLANG_WARN_INFINITE_RECURSION = YES;
				CLANG_WARN_INT_CONVERSION = YES;
				CLANG_WARN_NON_LITERAL_NULL_CONVERSION = YES;
				CLANG_WARN_OBJC_IMPLICIT_RETAIN_SELF = YES;
				CLANG_WARN_OBJC_LITERAL_CONVERSION = YES;
				CLANG_WARN_OBJC_ROOT_CLASS = YES_ERROR;
				CLANG_WARN_QUOTED_INCLUDE_IN_FRAMEWORK_HEADER = YES;
				CLANG_WARN_RANGE_LOOP_ANALYSIS = YES;
				CLANG_WARN_STRICT_PROTOTYPES = YES;
				CLANG_WARN_SUSPICIOUS_MOVE = YES;
				CLANG_WARN_UNGUARDED_AVAILABILITY = YES_AGGRESSIVE;
				CLANG_WARN_UNREACHABLE_CODE = YES;
				CLANG_WARN__DUPLICATE_METHOD_MATCH = YES;
				COPY_PHASE_STRIP = NO;
				DEBUG_INFORMATION_FORMAT = "dwarf-with-dsym";
				ENABLE_NS_ASSERTIONS = NO;
				ENABLE_STRICT_OBJC_MSGSEND = YES;
				GCC_C_LANGUAGE_STANDARD = gnu11;
				GCC_NO_COMMON_BLOCKS = YES;
				GCC_WARN_64_TO_32_BIT_CONVERSION = YES;
				GCC_WARN_ABOUT_RETURN_TYPE = YES_ERROR;
				GCC_WARN_UNDECLARED_SELECTOR = YES;
				GCC_WARN_UNINITIALIZED_AUTOS = YES_AGGRESSIVE;
				GCC_WARN_UNUSED_FUNCTION = YES;
				GCC_WARN_UNUSED_VARIABLE = YES;
				MTL_ENABLE_DEBUG_INFO = NO;
				MTL_FAST_MATH = YES;
				PRODUCT_NAME = "$(TARGET_NAME)";
				SDKROOT = iphoneos;
				SWIFT_COMPILATION_MODE = wholemodule;
				SWIFT_OPTIMIZATION_LEVEL = "-O";
				SWIFT_VERSION = 5.0;
			};
			name = Release;
		};
/* End XCBuildConfiguration section */

/* Begin XCConfigurationList section */
		23F605B85B3E5D2B78FDB9DD /* Build configuration list for PBXProject "LookMaxx" */ = {
			isa = XCConfigurationList;
			buildConfigurations = (
				09D12BA859B61CC156A2D28B /* Debug */,
				8E57A093F29C4FD8E1C28B1F /* Release */,
			);
			defaultConfigurationIsVisible = 0;
			defaultConfigurationName = Debug;
		};
		277D1E3A7C965499EB93FA8B /* Build configuration list for PBXNativeTarget "LookMaxx" */ = {
			isa = XCConfigurationList;
			buildConfigurations = (
				6910E2E4A94724FE86B63FD8 /* Debug */,
				3BBCB4C095CF67B95767488A /* Release */,
			);
			defaultConfigurationIsVisible = 0;
			defaultConfigurationName = Debug;
		};
/* End XCConfigurationList section */
	};
	rootObject = 7AEDE232220CF72D8892C6F2 /* Project object */;
}
